
Microsoft Visual Studio Solution File, Format Version 12.00
# Visual Studio Version 17
VisualStudioVersion = 17.2.32630.192
MinimumVisualStudioVersion = 10.0.40219.1
Project("{FAE04EC0-301F-11D3-BF4B-00C04F79EFBC}") = "CeChangeRegistryAdmin", "CeChangeRegistryAdmin\CeChangeRegistryAdmin.csproj", "{1440D548-7D1A-4444-963F-3C37C67F9CE9}"
EndProject
Global
	GlobalSection(SolutionConfigurationPlatforms) = preSolution
		Debug|Any CPU = Debug|Any CPU
		Release|Any CPU = Release|Any CPU
	EndGlobalSection
	GlobalSection(ProjectConfigurationPlatforms) = postSolution
		{1440D548-7D1A-4444-963F-3C37C67F9CE9}.Debug|Any CPU.ActiveCfg = Debug|Any CPU
		{1440D548-7D1A-4444-963F-3C37C67F9CE9}.Debug|Any CPU.Build.0 = Debug|Any CPU
		{1440D548-7D1A-4444-963F-3C37C67F9CE9}.Release|Any CPU.ActiveCfg = Release|Any CPU
		{1440D548-7D1A-4444-963F-3C37C67F9CE9}.Release|Any CPU.Build.0 = Release|Any CPU
	EndGlobalSection
	GlobalSection(SolutionProperties) = preSolution
		HideSolutionNode = FALSE
	EndGlobalSection
	GlobalSection(ExtensibilityGlobals) = postSolution
		SolutionGuid = {8224F009-008E-4C88-895A-E609A57D9491}
	EndGlobalSection
EndGlobal
